
Microsoft Visual Studio Solution File, Format Version 12.00
# Visual Studio Version 17
VisualStudioVersion = 17.8.34408.163
MinimumVisualStudioVersion = 10.0.40219.1
Project("{FAE04EC0-301F-11D3-BF4B-00C04F79EFBC}") = "Hellman", "Hellman.csproj", "{3B61CF0D-553F-4100-9916-7F59ECB967CF}"
EndProject
Global
	GlobalSection(SolutionConfigurationPlatforms) = preSolution
		Debug|Any CPU = Debug|Any CPU
		Release|Any CPU = Release|Any CPU
	EndGlobalSection
	GlobalSection(ProjectConfigurationPlatforms) = postSolution
		{3B61CF0D-553F-4100-9916-7F59ECB967CF}.Debug|Any CPU.ActiveCfg = Debug|Any CPU
		{3B61CF0D-553F-4100-9916-7F59ECB967CF}.Debug|Any CPU.Build.0 = Debug|Any CPU
		{3B61CF0D-553F-4100-9916-7F59ECB967CF}.Release|Any CPU.ActiveCfg = Release|Any CPU
		{3B61CF0D-553F-4100-9916-7F59ECB967CF}.Release|Any CPU.Build.0 = Release|Any CPU
	EndGlobalSection
	GlobalSection(SolutionProperties) = preSolution
		HideSolutionNode = FALSE
	EndGlobalSection
	GlobalSection(ExtensibilityGlobals) = postSolution
		SolutionGuid = {00550E24-25C7-4C5E-A58E-45586988D107}
	EndGlobalSection
EndGlobal
