
Microsoft Visual Studio Solution File, Format Version 12.00
# Visual Studio Version 17
VisualStudioVersion = 17.8.34408.163
MinimumVisualStudioVersion = 10.0.40219.1
Project("{FAE04EC0-301F-11D3-BF4B-00C04F79EFBC}") = "RSA", "RSA.csproj", "{B22BB181-5EC1-42B6-A9AF-6EA084E76371}"
EndProject
Global
	GlobalSection(SolutionConfigurationPlatforms) = preSolution
		Debug|Any CPU = Debug|Any CPU
		Release|Any CPU = Release|Any CPU
	EndGlobalSection
	GlobalSection(ProjectConfigurationPlatforms) = postSolution
		{B22BB181-5EC1-42B6-A9AF-6EA084E76371}.Debug|Any CPU.ActiveCfg = Debug|Any CPU
		{B22BB181-5EC1-42B6-A9AF-6EA084E76371}.Debug|Any CPU.Build.0 = Debug|Any CPU
		{B22BB181-5EC1-42B6-A9AF-6EA084E76371}.Release|Any CPU.ActiveCfg = Release|Any CPU
		{B22BB181-5EC1-42B6-A9AF-6EA084E76371}.Release|Any CPU.Build.0 = Release|Any CPU
	EndGlobalSection
	GlobalSection(SolutionProperties) = preSolution
		HideSolutionNode = FALSE
	EndGlobalSection
	GlobalSection(ExtensibilityGlobals) = postSolution
		SolutionGuid = {12173F8C-8E48-492E-8045-0425ED8FFF92}
	EndGlobalSection
EndGlobal
